
Microsoft Visual Studio Solution File, Format Version 12.00
Project("{FAE04EC0-301F-11D3-BF4B-00C04F79EFBC}") = "LAB4_AiSD2", "LAB4_AiSD2\LAB4_AiSD2.csproj", "{31AF1445-6D56-4E46-BF0F-EC48323BA088}"
EndProject
Project("{FAE04EC0-301F-11D3-BF4B-00C04F79EFBC}") = "LAB_2023", "LAB_2023\LAB_2023.csproj", "{0279BDCB-CE60-4C6F-9664-CB56CE0BABC2}"
EndProject
Global
	GlobalSection(SolutionConfigurationPlatforms) = preSolution
		Debug|Any CPU = Debug|Any CPU
		Release|Any CPU = Release|Any CPU
	EndGlobalSection
	GlobalSection(ProjectConfigurationPlatforms) = postSolution
		{31AF1445-6D56-4E46-BF0F-EC48323BA088}.Debug|Any CPU.ActiveCfg = Debug|Any CPU
		{31AF1445-6D56-4E46-BF0F-EC48323BA088}.Debug|Any CPU.Build.0 = Debug|Any CPU
		{31AF1445-6D56-4E46-BF0F-EC48323BA088}.Release|Any CPU.ActiveCfg = Release|Any CPU
		{31AF1445-6D56-4E46-BF0F-EC48323BA088}.Release|Any CPU.Build.0 = Release|Any CPU
		{0279BDCB-CE60-4C6F-9664-CB56CE0BABC2}.Debug|Any CPU.ActiveCfg = Debug|Any CPU
		{0279BDCB-CE60-4C6F-9664-CB56CE0BABC2}.Debug|Any CPU.Build.0 = Debug|Any CPU
		{0279BDCB-CE60-4C6F-9664-CB56CE0BABC2}.Release|Any CPU.ActiveCfg = Release|Any CPU
		{0279BDCB-CE60-4C6F-9664-CB56CE0BABC2}.Release|Any CPU.Build.0 = Release|Any CPU
	EndGlobalSection
EndGlobal
